// !$*UTF8*$!
{
	archiveVersion = 1;
	classes = {
	};
	objectVersion = 77;
	objects = {

/* Begin PBXBuildFile section */
		0B989148485F61612B53EE02 /* Assets.xcassets in Resources */ = {isa = PBXBuildFile; fileRef = 96E59D13C5E77C8F7B71FEDB /* Assets.xcassets */; };
		0E25C13FD103776C62F3947B /* AppCleaner.swift in Sources */ = {isa = PBXBuildFile; fileRef = 0F7C88CE32421E67DE7F994D /* AppCleaner.swift */; };
		0F272B57D0DE820385E4CEFF /* DeletionHistory.swift in Sources */ = {isa = PBXBuildFile; fileRef = FEF3238EA20A5A089C354890 /* DeletionHistory.swift */; };
		15E927CFE11D24CC7F5EB24F /* ContentView.swift in Sources */ = {isa = PBXBuildFile; fileRef = 4080178BDA8592059C574C8F /* ContentView.swift */; };
		2091AB09024B33003634A923 /* CruftApp.swift in Sources */ = {isa = PBXBuildFile; fileRef = 1A2AD28DAB896ACEDD9BFF87 /* CruftApp.swift */; };
		29843E2A6EEBD0198399B75B /* RowViews.swift in Sources */ = {isa = PBXBuildFile; fileRef = E7A2AC8C70B36DB0D2A2CAF6 /* RowViews.swift */; };
		3A2CD93EDA4C8FACF9C7F921 /* FolderAccess.swift in Sources */ = {isa = PBXBuildFile; fileRef = 093A6CE955BB4879DC959A91 /* FolderAccess.swift */; };
		3EFBA2FEFA93F0A8E255B236 /* CleanerViewModel.swift in Sources */ = {isa = PBXBuildFile; fileRef = 43A5BE3757D6ADDE6E2B415A /* CleanerViewModel.swift */; };
		4C3B64F7A74C37CA333DF81D /* CruftTests.swift in Sources */ = {isa = PBXBuildFile; fileRef = DD23E4EE84ABB27ED57EAECF /* CruftTests.swift */; };
		60A61F053D0DD8CD139E20A5 /* DesignSystem.swift in Sources */ = {isa = PBXBuildFile; fileRef = CCE2224B7E3902E51E8A2A26 /* DesignSystem.swift */; };
		70EDB643DC517A7E58F576F1 /* Scanner.swift in Sources */ = {isa = PBXBuildFile; fileRef = 8883DA2406508E99A231FC4A /* Scanner.swift */; };
		78053666518A9986EE32D6DB /* FeatureViews.swift in Sources */ = {isa = PBXBuildFile; fileRef = E6E79365CDA8837002A4B29C /* FeatureViews.swift */; };
		7912F56C72FB8F7887EDAE71 /* InfoPlist.xcstrings in Resources */ = {isa = PBXBuildFile; fileRef = 4493F5F3D3CFB1C04BC09D95 /* InfoPlist.xcstrings */; };
		7C9FBBA8B3B0C09C3EBEDE8C /* BTM.swift in Sources */ = {isa = PBXBuildFile; fileRef = 131A0067A788DD1E13A1BE25 /* BTM.swift */; };
		7DBA7385CD34EFB4491C0690 /* Shell.swift in Sources */ = {isa = PBXBuildFile; fileRef = F2A84419596D61A0062D5F87 /* Shell.swift */; };
		91AA425FB3D256844751D8A6 /* Localizable.xcstrings in Resources */ = {isa = PBXBuildFile; fileRef = 1145E8819BA2A896176BF39A /* Localizable.xcstrings */; };
		C7DF909FC0E0240F85B94D82 /* CleanerEngine.swift in Sources */ = {isa = PBXBuildFile; fileRef = 0969070B6A9CCDA359AD9705 /* CleanerEngine.swift */; };
		EC3AA8C53E7F24225287A7BA /* Models.swift in Sources */ = {isa = PBXBuildFile; fileRef = 9C7BC56FF3C179BAD3CA62F8 /* Models.swift */; };
/* End PBXBuildFile section */

/* Begin PBXContainerItemProxy section */
		E7465E6F386CFC14EB5D327D /* PBXContainerItemProxy */ = {
			isa = PBXContainerItemProxy;
			containerPortal = 897E53784EC9DB37E7649509 /* Project object */;
			proxyType = 1;
			remoteGlobalIDString = 38D8E25841F3E5011C1EE6B5;
			remoteInfo = Cruft;
		};
/* End PBXContainerItemProxy section */

/* Begin PBXFileReference section */
		093A6CE955BB4879DC959A91 /* FolderAccess.swift */ = {isa = PBXFileReference; lastKnownFileType = sourcecode.swift; path = FolderAccess.swift; sourceTree = "<group>"; };
		0969070B6A9CCDA359AD9705 /* CleanerEngine.swift */ = {isa = PBXFileReference; lastKnownFileType = sourcecode.swift; path = CleanerEngine.swift; sourceTree = "<group>"; };
		0F7C88CE32421E67DE7F994D /* AppCleaner.swift */ = {isa = PBXFileReference; lastKnownFileType = sourcecode.swift; path = AppCleaner.swift; sourceTree = "<group>"; };
		1145E8819BA2A896176BF39A /* Localizable.xcstrings */ = {isa = PBXFileReference; lastKnownFileType = text.json.xcstrings; path = Localizable.xcstrings; sourceTree = "<group>"; };
		131A0067A788DD1E13A1BE25 /* BTM.swift */ = {isa = PBXFileReference; lastKnownFileType = sourcecode.swift; path = BTM.swift; sourceTree = "<group>"; };
		1A2AD28DAB896ACEDD9BFF87 /* CruftApp.swift */ = {isa = PBXFileReference; lastKnownFileType = sourcecode.swift; path = CruftApp.swift; sourceTree = "<group>"; };
		2A6D951A1D0DFC1941C3A4F5 /* CruftTests.xctest */ = {isa = PBXFileReference; explicitFileType = wrapper.cfbundle; includeInIndex = 0; path = CruftTests.xctest; sourceTree = BUILT_PRODUCTS_DIR; };
		4080178BDA8592059C574C8F /* ContentView.swift */ = {isa = PBXFileReference; lastKnownFileType = sourcecode.swift; path = ContentView.swift; sourceTree = "<group>"; };
		43A5BE3757D6ADDE6E2B415A /* CleanerViewModel.swift */ = {isa = PBXFileReference; lastKnownFileType = sourcecode.swift; path = CleanerViewModel.swift; sourceTree = "<group>"; };
		4493F5F3D3CFB1C04BC09D95 /* InfoPlist.xcstrings */ = {isa = PBXFileReference; lastKnownFileType = text.json.xcstrings; path = InfoPlist.xcstrings; sourceTree = "<group>"; };
		8883DA2406508E99A231FC4A /* Scanner.swift */ = {isa = PBXFileReference; lastKnownFileType = sourcecode.swift; path = Scanner.swift; sourceTree = "<group>"; };
		96E59D13C5E77C8F7B71FEDB /* Assets.xcassets */ = {isa = PBXFileReference; lastKnownFileType = folder.assetcatalog; path = Assets.xcassets; sourceTree = "<group>"; };
		9C7BC56FF3C179BAD3CA62F8 /* Models.swift */ = {isa = PBXFileReference; lastKnownFileType = sourcecode.swift; path = Models.swift; sourceTree = "<group>"; };
		CCE2224B7E3902E51E8A2A26 /* DesignSystem.swift */ = {isa = PBXFileReference; lastKnownFileType = sourcecode.swift; path = DesignSystem.swift; sourceTree = "<group>"; };
		DD23E4EE84ABB27ED57EAECF /* CruftTests.swift */ = {isa = PBXFileReference; lastKnownFileType = sourcecode.swift; path = CruftTests.swift; sourceTree = "<group>"; };
		E6E79365CDA8837002A4B29C /* FeatureViews.swift */ = {isa = PBXFileReference; lastKnownFileType = sourcecode.swift; path = FeatureViews.swift; sourceTree = "<group>"; };
		E7A2AC8C70B36DB0D2A2CAF6 /* RowViews.swift */ = {isa = PBXFileReference; lastKnownFileType = sourcecode.swift; path = RowViews.swift; sourceTree = "<group>"; };
		EE7C2F4462A12CF9B4D7EF0C /* Cruft.app */ = {isa = PBXFileReference; explicitFileType = wrapper.application; includeInIndex = 0; path = Cruft.app; sourceTree = BUILT_PRODUCTS_DIR; };
		F2A84419596D61A0062D5F87 /* Shell.swift */ = {isa = PBXFileReference; lastKnownFileType = sourcecode.swift; path = Shell.swift; sourceTree = "<group>"; };
		FEF3238EA20A5A089C354890 /* DeletionHistory.swift */ = {isa = PBXFileReference; lastKnownFileType = sourcecode.swift; path = DeletionHistory.swift; sourceTree = "<group>"; };
/* End PBXFileReference section */

/* Begin PBXGroup section */
		0A3E42151E0F7827A4A546C1 /* Products */ = {
			isa = PBXGroup;
			children = (
				EE7C2F4462A12CF9B4D7EF0C /* Cruft.app */,
				2A6D951A1D0DFC1941C3A4F5 /* CruftTests.xctest */,
			);
			name = Products;
			sourceTree = "<group>";
		};
		5C3CFB6D583AFAAC0E3516AD /* Sources */ = {
			isa = PBXGroup;
			children = (
				0F7C88CE32421E67DE7F994D /* AppCleaner.swift */,
				96E59D13C5E77C8F7B71FEDB /* Assets.xcassets */,
				131A0067A788DD1E13A1BE25 /* BTM.swift */,
				0969070B6A9CCDA359AD9705 /* CleanerEngine.swift */,
				43A5BE3757D6ADDE6E2B415A /* CleanerViewModel.swift */,
				4080178BDA8592059C574C8F /* ContentView.swift */,
				1A2AD28DAB896ACEDD9BFF87 /* CruftApp.swift */,
				FEF3238EA20A5A089C354890 /* DeletionHistory.swift */,
				CCE2224B7E3902E51E8A2A26 /* DesignSystem.swift */,
				E6E79365CDA8837002A4B29C /* FeatureViews.swift */,
				093A6CE955BB4879DC959A91 /* FolderAccess.swift */,
				4493F5F3D3CFB1C04BC09D95 /* InfoPlist.xcstrings */,
				1145E8819BA2A896176BF39A /* Localizable.xcstrings */,
				9C7BC56FF3C179BAD3CA62F8 /* Models.swift */,
				E7A2AC8C70B36DB0D2A2CAF6 /* RowViews.swift */,
				8883DA2406508E99A231FC4A /* Scanner.swift */,
				F2A84419596D61A0062D5F87 /* Shell.swift */,
			);
			path = Sources;
			sourceTree = "<group>";
		};
		65DB6649FEB31AE0C651D47C /* Tests */ = {
			isa = PBXGroup;
			children = (
				DD23E4EE84ABB27ED57EAECF /* CruftTests.swift */,
			);
			path = Tests;
			sourceTree = "<group>";
		};
		B0BBF0C17D75ABA4B5CD5922 = {
			isa = PBXGroup;
			children = (
				5C3CFB6D583AFAAC0E3516AD /* Sources */,
				65DB6649FEB31AE0C651D47C /* Tests */,
				0A3E42151E0F7827A4A546C1 /* Products */,
			);
			sourceTree = "<group>";
		};
/* End PBXGroup section */

/* Begin PBXNativeTarget section */
		38D8E25841F3E5011C1EE6B5 /* Cruft */ = {
			isa = PBXNativeTarget;
			buildConfigurationList = B96F2B348CCE22940F64F8EA /* Build configuration list for PBXNativeTarget "Cruft" */;
			buildPhases = (
				BB2E62F42138AB47102A33D1 /* Sources */,
				0D9B03DC79E9776688323A88 /* Resources */,
			);
			buildRules = (
			);
			dependencies = (
			);
			name = Cruft;
			packageProductDependencies = (
			);
			productName = Cruft;
			productReference = EE7C2F4462A12CF9B4D7EF0C /* Cruft.app */;
			productType = "com.apple.product-type.application";
		};
		5C8A1A458EC3AF67BCD1D7C3 /* CruftTests */ = {
			isa = PBXNativeTarget;
			buildConfigurationList = 934A98B4A693E46F9C1E229B /* Build configuration list for PBXNativeTarget "CruftTests" */;
			buildPhases = (
				6EC62C38597DB2DD0E16B0A7 /* Sources */,
			);
			buildRules = (
			);
			dependencies = (
				0122D184DDDDC0736F90036D /* PBXTargetDependency */,
			);
			name = CruftTests;
			packageProductDependencies = (
			);
			productName = CruftTests;
			productReference = 2A6D951A1D0DFC1941C3A4F5 /* CruftTests.xctest */;
			productType = "com.apple.product-type.bundle.unit-test";
		};
/* End PBXNativeTarget section */

/* Begin PBXProject section */
		897E53784EC9DB37E7649509 /* Project object */ = {
			isa = PBXProject;
			attributes = {
				BuildIndependentTargetsInParallel = YES;
				LastUpgradeCheck = 1430;
				TargetAttributes = {
					38D8E25841F3E5011C1EE6B5 = {
						ProvisioningStyle = Automatic;
					};
					5C8A1A458EC3AF67BCD1D7C3 = {
						ProvisioningStyle = Automatic;
					};
				};
			};
			buildConfigurationList = 5C30A284B73A6DFA7EEEB757 /* Build configuration list for PBXProject "Cruft" */;
			developmentRegion = en;
			hasScannedForEncodings = 0;
			knownRegions = (
				Base,
				en,
				"zh-Hans",
				"zh-Hant",
			);
			mainGroup = B0BBF0C17D75ABA4B5CD5922;
			minimizedProjectReferenceProxies = 1;
			preferredProjectObjectVersion = 77;
			productRefGroup = 0A3E42151E0F7827A4A546C1 /* Products */;
			projectDirPath = "";
			projectRoot = "";
			targets = (
				38D8E25841F3E5011C1EE6B5 /* Cruft */,
				5C8A1A458EC3AF67BCD1D7C3 /* CruftTests */,
			);
		};
/* End PBXProject section */

/* Begin PBXResourcesBuildPhase section */
		0D9B03DC79E9776688323A88 /* Resources */ = {
			isa = PBXResourcesBuildPhase;
			buildActionMask = 2147483647;
			files = (
				0B989148485F61612B53EE02 /* Assets.xcassets in Resources */,
				7912F56C72FB8F7887EDAE71 /* InfoPlist.xcstrings in Resources */,
				91AA425FB3D256844751D8A6 /* Localizable.xcstrings in Resources */,
			);
			runOnlyForDeploymentPostprocessing = 0;
		};
/* End PBXResourcesBuildPhase section */

/* Begin PBXSourcesBuildPhase section */
		6EC62C38597DB2DD0E16B0A7 /* Sources */ = {
			isa = PBXSourcesBuildPhase;
			buildActionMask = 2147483647;
			files = (
				4C3B64F7A74C37CA333DF81D /* CruftTests.swift in Sources */,
			);
			runOnlyForDeploymentPostprocessing = 0;
		};
		BB2E62F42138AB47102A33D1 /* Sources */ = {
			isa = PBXSourcesBuildPhase;
			buildActionMask = 2147483647;
			files = (
				0E25C13FD103776C62F3947B /* AppCleaner.swift in Sources */,
				7C9FBBA8B3B0C09C3EBEDE8C /* BTM.swift in Sources */,
				C7DF909FC0E0240F85B94D82 /* CleanerEngine.swift in Sources */,
				3EFBA2FEFA93F0A8E255B236 /* CleanerViewModel.swift in Sources */,
				15E927CFE11D24CC7F5EB24F /* ContentView.swift in Sources */,
				2091AB09024B33003634A923 /* CruftApp.swift in Sources */,
				0F272B57D0DE820385E4CEFF /* DeletionHistory.swift in Sources */,
				60A61F053D0DD8CD139E20A5 /* DesignSystem.swift in Sources */,
				78053666518A9986EE32D6DB /* FeatureViews.swift in Sources */,
				3A2CD93EDA4C8FACF9C7F921 /* FolderAccess.swift in Sources */,
				EC3AA8C53E7F24225287A7BA /* Models.swift in Sources */,
				29843E2A6EEBD0198399B75B /* RowViews.swift in Sources */,
				70EDB643DC517A7E58F576F1 /* Scanner.swift in Sources */,
				7DBA7385CD34EFB4491C0690 /* Shell.swift in Sources */,
			);
			runOnlyForDeploymentPostprocessing = 0;
		};
/* End PBXSourcesBuildPhase section */

/* Begin PBXTargetDependency section */
		0122D184DDDDC0736F90036D /* PBXTargetDependency */ = {
			isa = PBXTargetDependency;
			target = 38D8E25841F3E5011C1EE6B5 /* Cruft */;
			targetProxy = E7465E6F386CFC14EB5D327D /* PBXContainerItemProxy */;
		};
/* End PBXTargetDependency section */

/* Begin XCBuildConfiguration section */
		292B593A5A264AE24ADBCD53 /* Debug */ = {
			isa = XCBuildConfiguration;
			buildSettings = {
				ALWAYS_SEARCH_USER_PATHS = NO;
				CLANG_ANALYZER_NONNULL = YES;
				CLANG_ANALYZER_NUMBER_OBJECT_CONVERSION = YES_AGGRESSIVE;
				CLANG_CXX_LANGUAGE_STANDARD = "gnu++14";
				CLANG_CXX_LIBRARY = "libc++";
				CLANG_ENABLE_MODULES = YES;
				CLANG_ENABLE_OBJC_ARC = YES;
				CLANG_ENABLE_OBJC_WEAK = YES;
				CLANG_WARN_BLOCK_CAPTURE_AUTORELEASING = YES;
				CLANG_WARN_BOOL_CONVERSION = YES;
				CLANG_WARN_COMMA = YES;
				CLANG_WARN_CONSTANT_CONVERSION = YES;
				CLANG_WARN_DEPRECATED_OBJC_IMPLEMENTATIONS = YES;
				CLANG_WARN_DIRECT_OBJC_ISA_USAGE = YES_ERROR;
				CLANG_WARN_DOCUMENTATION_COMMENTS = YES;
				CLANG_WARN_EMPTY_BODY = YES;
				CLANG_WARN_ENUM_CONVERSION = YES;
				CLANG_WARN_INFINITE_RECURSION = YES;
				CLANG_WARN_INT_CONVERSION = YES;
				CLANG_WARN_NON_LITERAL_NULL_CONVERSION = YES;
				CLANG_WARN_OBJC_IMPLICIT_RETAIN_SELF = YES;
				CLANG_WARN_OBJC_LITERAL_CONVERSION = YES;
				CLANG_WARN_OBJC_ROOT_CLASS = YES_ERROR;
				CLANG_WARN_QUOTED_INCLUDE_IN_FRAMEWORK_HEADER = YES;
				CLANG_WARN_RANGE_LOOP_ANALYSIS = YES;
				CLANG_WARN_STRICT_PROTOTYPES = YES;
				CLANG_WARN_SUSPICIOUS_MOVE = YES;
				CLANG_WARN_UNGUARDED_AVAILABILITY = YES_AGGRESSIVE;
				CLANG_WARN_UNREACHABLE_CODE = YES;
				CLANG_WARN__DUPLICATE_METHOD_MATCH = YES;
				CODE_SIGN_IDENTITY = "-";
				CODE_SIGN_STYLE = Automatic;
				COPY_PHASE_STRIP = NO;
				CURRENT_PROJECT_VERSION = 1;
				DEBUG_INFORMATION_FORMAT = dwarf;
				ENABLE_APP_SANDBOX = NO;
				ENABLE_HARDENED_RUNTIME = NO;
				ENABLE_STRICT_OBJC_MSGSEND = YES;
				ENABLE_TESTABILITY = YES;
				GCC_C_LANGUAGE_STANDARD = gnu11;
				GCC_DYNAMIC_NO_PIC = NO;
				GCC_NO_COMMON_BLOCKS = YES;
				GCC_OPTIMIZATION_LEVEL = 0;
				GCC_PREPROCESSOR_DEFINITIONS = (
					"$(inherited)",
					"DEBUG=1",
				);
				GCC_WARN_64_TO_32_BIT_CONVERSION = YES;
				GCC_WARN_ABOUT_RETURN_TYPE = YES_ERROR;
				GCC_WARN_UNDECLARED_SELECTOR = YES;
				GCC_WARN_UNINITIALIZED_AUTOS = YES_AGGRESSIVE;
				GCC_WARN_UNUSED_FUNCTION = YES;
				GCC_WARN_UNUSED_VARIABLE = YES;
				GENERATE_INFOPLIST_FILE = YES;
				MACOSX_DEPLOYMENT_TARGET = 14.0;
				MARKETING_VERSION = 2.0.0;
				MTL_ENABLE_DEBUG_INFO = INCLUDE_SOURCE;
				MTL_FAST_MATH = YES;
				ONLY_ACTIVE_ARCH = YES;
				PRODUCT_NAME = "$(TARGET_NAME)";
				SDKROOT = macosx;
				SWIFT_ACTIVE_COMPILATION_CONDITIONS = DEBUG;
				SWIFT_OPTIMIZATION_LEVEL = "-Onone";
				SWIFT_VERSION = 5.0;
			};
			name = Debug;
		};
		4BD8ECFB09A1A124EF6C73CA /* Debug */ = {
			isa = XCBuildConfiguration;
			buildSettings = {
				BUNDLE_LOADER = "$(TEST_HOST)";
				COMBINE_HIDPI_IMAGES = YES;
				GENERATE_INFOPLIST_FILE = YES;
				LD_RUNPATH_SEARCH_PATHS = (
					"$(inherited)",
					"@executable_path/../Frameworks",
					"@loader_path/../Frameworks",
				);
				MACOSX_DEPLOYMENT_TARGET = 14.0;
				PRODUCT_BUNDLE_IDENTIFIER = xyz.phpz.app.CruftTests;
				SDKROOT = macosx;
				TEST_HOST = "$(BUILT_PRODUCTS_DIR)/Cruft.app/Contents/MacOS/Cruft";
			};
			name = Debug;
		};
		8AAAEF0DDE0126EB809FC2C7 /* Release */ = {
			isa = XCBuildConfiguration;
			buildSettings = {
				ALWAYS_SEARCH_USER_PATHS = NO;
				CLANG_ANALYZER_NONNULL = YES;
				CLANG_ANALYZER_NUMBER_OBJECT_CONVERSION = YES_AGGRESSIVE;
				CLANG_CXX_LANGUAGE_STANDARD = "gnu++14";
				CLANG_CXX_LIBRARY = "libc++";
				CLANG_ENABLE_MODULES = YES;
				CLANG_ENABLE_OBJC_ARC = YES;
				CLANG_ENABLE_OBJC_WEAK = YES;
				CLANG_WARN_BLOCK_CAPTURE_AUTORELEASING = YES;
				CLANG_WARN_BOOL_CONVERSION = YES;
				CLANG_WARN_COMMA = YES;
				CLANG_WARN_CONSTANT_CONVERSION = YES;
				CLANG_WARN_DEPRECATED_OBJC_IMPLEMENTATIONS = YES;
				CLANG_WARN_DIRECT_OBJC_ISA_USAGE = YES_ERROR;
				CLANG_WARN_DOCUMENTATION_COMMENTS = YES;
				CLANG_WARN_EMPTY_BODY = YES;
				CLANG_WARN_ENUM_CONVERSION = YES;
				CLANG_WARN_INFINITE_RECURSION = YES;
				CLANG_WARN_INT_CONVERSION = YES;
				CLANG_WARN_NON_LITERAL_NULL_CONVERSION = YES;
				CLANG_WARN_OBJC_IMPLICIT_RETAIN_SELF = YES;
				CLANG_WARN_OBJC_LITERAL_CONVERSION = YES;
				CLANG_WARN_OBJC_ROOT_CLASS = YES_ERROR;
				CLANG_WARN_QUOTED_INCLUDE_IN_FRAMEWORK_HEADER = YES;
				CLANG_WARN_RANGE_LOOP_ANALYSIS = YES;
				CLANG_WARN_STRICT_PROTOTYPES = YES;
				CLANG_WARN_SUSPICIOUS_MOVE = YES;
				CLANG_WARN_UNGUARDED_AVAILABILITY = YES_AGGRESSIVE;
				CLANG_WARN_UNREACHABLE_CODE = YES;
				CLANG_WARN__DUPLICATE_METHOD_MATCH = YES;
				CODE_SIGN_IDENTITY = "-";
				CODE_SIGN_STYLE = Automatic;
				COPY_PHASE_STRIP = NO;
				CURRENT_PROJECT_VERSION = 1;
				DEBUG_INFORMATION_FORMAT = "dwarf-with-dsym";
				ENABLE_APP_SANDBOX = NO;
				ENABLE_HARDENED_RUNTIME = NO;
				ENABLE_NS_ASSERTIONS = NO;
				ENABLE_STRICT_OBJC_MSGSEND = YES;
				GCC_C_LANGUAGE_STANDARD = gnu11;
				GCC_NO_COMMON_BLOCKS = YES;
				GCC_WARN_64_TO_32_BIT_CONVERSION = YES;
				GCC_WARN_ABOUT_RETURN_TYPE = YES_ERROR;
				GCC_WARN_UNDECLARED_SELECTOR = YES;
				GCC_WARN_UNINITIALIZED_AUTOS = YES_AGGRESSIVE;
				GCC_WARN_UNUSED_FUNCTION = YES;
				GCC_WARN_UNUSED_VARIABLE = YES;
				GENERATE_INFOPLIST_FILE = YES;
				MACOSX_DEPLOYMENT_TARGET = 14.0;
				MARKETING_VERSION = 2.0.0;
				MTL_ENABLE_DEBUG_INFO = NO;
				MTL_FAST_MATH = YES;
				PRODUCT_NAME = "$(TARGET_NAME)";
				SDKROOT = macosx;
				SWIFT_COMPILATION_MODE = wholemodule;
				SWIFT_OPTIMIZATION_LEVEL = "-O";
				SWIFT_VERSION = 5.0;
			};
			name = Release;
		};
		D76473FCB3D46CF84A207656 /* Release */ = {
			isa = XCBuildConfiguration;
			buildSettings = {
				BUNDLE_LOADER = "$(TEST_HOST)";
				COMBINE_HIDPI_IMAGES = YES;
				GENERATE_INFOPLIST_FILE = YES;
				LD_RUNPATH_SEARCH_PATHS = (
					"$(inherited)",
					"@executable_path/../Frameworks",
					"@loader_path/../Frameworks",
				);
				MACOSX_DEPLOYMENT_TARGET = 14.0;
				PRODUCT_BUNDLE_IDENTIFIER = xyz.phpz.app.CruftTests;
				SDKROOT = macosx;
				TEST_HOST = "$(BUILT_PRODUCTS_DIR)/Cruft.app/Contents/MacOS/Cruft";
			};
			name = Release;
		};
		EDDDD0740D928453E24EB348 /* Release */ = {
			isa = XCBuildConfiguration;
			buildSettings = {
				ASSETCATALOG_COMPILER_APPICON_NAME = AppIcon;
				ASSETCATALOG_COMPILER_GLOBAL_ACCENT_COLOR_NAME = AccentColor;
				COMBINE_HIDPI_IMAGES = YES;
				INFOPLIST_KEY_CFBundleDisplayName = Cruft;
				INFOPLIST_KEY_LSApplicationCategoryType = "public.app-category.utilities";
				INFOPLIST_KEY_LSMinimumSystemVersion = 14.0;
				INFOPLIST_KEY_NSDesktopFolderUsageDescription = "Cruft reads installers on the Desktop only when you start a scan yourself.";
				INFOPLIST_KEY_NSDocumentsFolderUsageDescription = "Cruft reads your Documents folder only when you start a project scan yourself.";
				INFOPLIST_KEY_NSDownloadsFolderUsageDescription = "Cruft reads installers in your Downloads folder only when you start a scan yourself.";
				INFOPLIST_KEY_NSHumanReadableCopyright = "MIT License";
				INFOPLIST_KEY_NSSystemAdministrationUsageDescription = "Cruft needs Full Disk Access to inspect development caches, logs, app leftovers and the Trash.";
				LD_RUNPATH_SEARCH_PATHS = (
					"$(inherited)",
					"@executable_path/../Frameworks",
				);
				MACOSX_DEPLOYMENT_TARGET = 14.0;
				PRODUCT_BUNDLE_IDENTIFIER = xyz.phpz.app.cruft;
				PRODUCT_NAME = Cruft;
				SDKROOT = macosx;
			};
			name = Release;
		};
		FD1F2377C475E03B1FBF1C1E /* Debug */ = {
			isa = XCBuildConfiguration;
			buildSettings = {
				ASSETCATALOG_COMPILER_APPICON_NAME = AppIcon;
				ASSETCATALOG_COMPILER_GLOBAL_ACCENT_COLOR_NAME = AccentColor;
				COMBINE_HIDPI_IMAGES = YES;
				INFOPLIST_KEY_CFBundleDisplayName = Cruft;
				INFOPLIST_KEY_LSApplicationCategoryType = "public.app-category.utilities";
				INFOPLIST_KEY_LSMinimumSystemVersion = 14.0;
				INFOPLIST_KEY_NSDesktopFolderUsageDescription = "Cruft reads installers on the Desktop only when you start a scan yourself.";
				INFOPLIST_KEY_NSDocumentsFolderUsageDescription = "Cruft reads your Documents folder only when you start a project scan yourself.";
				INFOPLIST_KEY_NSDownloadsFolderUsageDescription = "Cruft reads installers in your Downloads folder only when you start a scan yourself.";
				INFOPLIST_KEY_NSHumanReadableCopyright = "MIT License";
				INFOPLIST_KEY_NSSystemAdministrationUsageDescription = "Cruft needs Full Disk Access to inspect development caches, logs, app leftovers and the Trash.";
				LD_RUNPATH_SEARCH_PATHS = (
					"$(inherited)",
					"@executable_path/../Frameworks",
				);
				MACOSX_DEPLOYMENT_TARGET = 14.0;
				PRODUCT_BUNDLE_IDENTIFIER = xyz.phpz.app.cruft;
				PRODUCT_NAME = Cruft;
				SDKROOT = macosx;
			};
			name = Debug;
		};
/* End XCBuildConfiguration section */

/* Begin XCConfigurationList section */
		5C30A284B73A6DFA7EEEB757 /* Build configuration list for PBXProject "Cruft" */ = {
			isa = XCConfigurationList;
			buildConfigurations = (
				292B593A5A264AE24ADBCD53 /* Debug */,
				8AAAEF0DDE0126EB809FC2C7 /* Release */,
			);
			defaultConfigurationIsVisible = 0;
			defaultConfigurationName = Debug;
		};
		934A98B4A693E46F9C1E229B /* Build configuration list for PBXNativeTarget "CruftTests" */ = {
			isa = XCConfigurationList;
			buildConfigurations = (
				4BD8ECFB09A1A124EF6C73CA /* Debug */,
				D76473FCB3D46CF84A207656 /* Release */,
			);
			defaultConfigurationIsVisible = 0;
			defaultConfigurationName = Debug;
		};
		B96F2B348CCE22940F64F8EA /* Build configuration list for PBXNativeTarget "Cruft" */ = {
			isa = XCConfigurationList;
			buildConfigurations = (
				FD1F2377C475E03B1FBF1C1E /* Debug */,
				EDDDD0740D928453E24EB348 /* Release */,
			);
			defaultConfigurationIsVisible = 0;
			defaultConfigurationName = Debug;
		};
/* End XCConfigurationList section */
	};
	rootObject = 897E53784EC9DB37E7649509 /* Project object */;
}
